github.com/anatoliyfedorenko/isdayoff v1.0.2 h1:eDPM77cx96oziR97Sj0o+neuTUZRyD8HViB7QAqghv4=
github.com/anatoliyfedorenko/isdayoff v1.0.2/go.mod h1:ZNmFWl1WXAg7qGqtVgUzy8ZhEQ1ESjkpX/ElWmoAILM=
github.com/samber/lo v1.47.0 h1:z7RynLwP5nbyRscyvcD043DWYoOcYRv3mV8lBeqOCLc=
github.com/samber/lo v1.47.0/go.mod h1:RmDH9Ct32Qy3gduHQuKJ3gW1fMHAnE/fAzQuf6He5cU=
golang.org/x/text v0.16.0 h1:a94ExnEXNtEwYLGJSIUxnWoxoRz/ZcCsV63ROupILh4=
golang.org/x/text v0.16.0/go.mod h1:GhwF1Be+LQoKShO3cGOHzqOgRrGaYc9AvblQOmPVHnI=
